
Microsoft Visual Studio Solution File, Format Version 12.00
Project("{FAE04EC0-301F-11D3-BF4B-00C04F79EFBC}") = "MediConnect", "MediConnect.csproj", "{C03CE0AE-4D6A-4BDC-A939-E0BC2D0A9918}"
EndProject
Project("{2150E333-8FDC-42A3-9474-1A3956D46DE8}") = "Solution Items", "Solution Items", "{8CFD2F7D-245F-49C7-8207-5CA10F904CE8}"
	ProjectSection(SolutionItems) = preProject
		docker-compose.yml = docker-compose.yml
	EndProjectSection
EndProject
Global
	GlobalSection(SolutionConfigurationPlatforms) = preSolution
		Debug|Any CPU = Debug|Any CPU
		Release|Any CPU = Release|Any CPU
	EndGlobalSection
	GlobalSection(ProjectConfigurationPlatforms) = postSolution
		{C03CE0AE-4D6A-4BDC-A939-E0BC2D0A9918}.Debug|Any CPU.ActiveCfg = Debug|Any CPU
		{C03CE0AE-4D6A-4BDC-A939-E0BC2D0A9918}.Debug|Any CPU.Build.0 = Debug|Any CPU
		{C03CE0AE-4D6A-4BDC-A939-E0BC2D0A9918}.Release|Any CPU.ActiveCfg = Release|Any CPU
		{C03CE0AE-4D6A-4BDC-A939-E0BC2D0A9918}.Release|Any CPU.Build.0 = Release|Any CPU
	EndGlobalSection
EndGlobal
